# @generated by Move, please check-in and do not edit manually.

[move]
version = 3
manifest_digest = "345268751DA29AA61D77331CCF303766034ED422C0D11FC1BAF89F745D1F9106"
deps_digest = "F9B494B64F0615AED0E98FC12A85B85ECD2BC5185C22D30E7F67786BB52E507C"
dependencies = [
  { id = "Bridge", name = "Bridge" },
  { id = "MoveStdlib", name = "MoveStdlib" },
  { id = "Sui", name = "Sui" },
  { id = "SuiSystem", name = "SuiSystem" },
]

[[move.package]]
id = "Bridge"
source = { git = "https://github.com/MystenLabs/sui.git", rev = "b5633abb4177", subdir = "crates/sui-framework/packages/bridge" }

dependencies = [
  { id = "MoveStdlib", name = "MoveStdlib" },
  { id = "Sui", name = "Sui" },
  { id = "SuiSystem", name = "SuiSystem" },
]

[[move.package]]
id = "MoveStdlib"
source = { git = "https://github.com/MystenLabs/sui.git", rev = "b5633abb4177", subdir = "crates/sui-framework/packages/move-stdlib" }

[[move.package]]
id = "Sui"
source = { git = "https://github.com/MystenLabs/sui.git", rev = "b5633abb4177", subdir = "crates/sui-framework/packages/sui-framework" }

dependencies = [
  { id = "MoveStdlib", name = "MoveStdlib" },
]

[[move.package]]
id = "SuiSystem"
source = { git = "https://github.com/MystenLabs/sui.git", rev = "b5633abb4177", subdir = "crates/sui-framework/packages/sui-system" }

dependencies = [
  { id = "MoveStdlib", name = "MoveStdlib" },
  { id = "Sui", name = "Sui" },
]

[move.toolchain-version]
compiler-version = "1.49.1"
edition = "2024.beta"
flavor = "sui"

[env]

[env.testnet]
chain-id = "4c78adac"
original-published-id = "0x4376ba8a4880d3d16f7c37e3b3346995380b0ecb540bd5ee065cfdf266ffe561"
latest-published-id = "0x4376ba8a4880d3d16f7c37e3b3346995380b0ecb540bd5ee065cfdf266ffe561"
published-version = "1"

[env.mainnet]
chain-id = "35834a8a"
original-published-id = "0xb1309b1547968f2256e77dcd4b43a9f0d3aa1b0af5cad460432581f439e33c60"
latest-published-id = "0xb1309b1547968f2256e77dcd4b43a9f0d3aa1b0af5cad460432581f439e33c60"
published-version = "1"
